{
  "version": "1.0.0",
  "lockfileVersion": 1,
  "workspaces": {
    "packages/benchmark": {
      "name": "@pantry/benchmark",
      "version": "0.8.3",
      "devDependencies": {
        "mitata": "^1.0.34"
      }
    },
    "packages/ts-pantry": {
      "name": "ts-pantry",
      "version": "0.8.3",
      "dependencies": {
        "@stacksjs/ts-cloud": "^0.1.2",
        "bunfig": "^0.15.6",
        "ts-web-scraper": "^0.1.1"
      },
      "devDependencies": {
        "better-dx": "^0.2.6"
      }
    },
    "packages/inspector": {
      "name": "@stacksjs/pantry-inspector",
      "version": "0.1.0",
      "devDependencies": {
        "typescript": "^5.7.0",
        "bun-types": "latest"
      }
    },
    "packages/site": {
      "name": "@stacksjs/pantry-site",
      "version": "0.1.0",
      "dependencies": {
        "@stacksjs/stx": "^0.2.6"
      },
      "devDependencies": {
        "typescript": "^5.7.0",
        "bun-types": "latest"
      }
    },
    "": {
      "name": "pantry",
      "dependencies": {
        "@stacksjs/ts-cloud": "^0.1.11"
      },
      "devDependencies": {
        "better-dx": "^0.2.6"
      }
    },
    "packages/registry": {
      "name": "@stacksjs/registry",
      "version": "0.8.3",
      "dependencies": {
        "@cwcss/crosswind": "^0.1.6"
      },
      "devDependencies": {
        "typescript": "^5.7.0",
        "bun-types": "latest"
      }
    },
    "packages/action": {
      "name": "pantry-installer",
      "version": "0.8.3",
      "dependencies": {
        "@actions/io": "^1.1.3",
        "@actions/exec": "^1.1.1",
        "@actions/github": "^6.0.1",
        "@actions/core": "^1.11.1"
      },
      "devDependencies": {
        "better-dx": "^0.2.6"
      }
    }
  },
  "packages": {
    "ziglang.org@0.15.1": {
      "name": "ziglang.org",
      "version": "0.15.1",
      "source": "pantry"
    },
    "@actions/github@^6.0.1": {
      "name": "@actions/github",
      "version": "^6.0.1",
      "source": "npm",
      "dependencies": {
        "@actions/http-client": "^2.2.0",
        "@octokit/request": "^8.4.1",
        "@octokit/request-error": "^5.1.1",
        "@octokit/core": "^5.0.1",
        "undici": "^5.28.5",
        "@octokit/plugin-rest-endpoint-methods": "^10.4.0",
        "@octokit/plugin-paginate-rest": "^9.2.2"
      }
    },
    "bunfig@^0.15.6": {
      "name": "bunfig",
      "version": "^0.15.6",
      "source": "npm",
      "dependencies": {
        "@stacksjs/clapp": "^0.2.0",
        "@stacksjs/clarity": "^0.3.24"
      },
      "bin": {
        "bunfig": "./bin/cli.js"
      }
    },
    "ts-web-scraper@^0.1.1": {
      "name": "ts-web-scraper",
      "version": "^0.1.1",
      "source": "npm",
      "bin": {
        "scraper": "./dist/bin/cli.js"
      }
    },
    "better-dx@^0.2.6": {
      "name": "better-dx",
      "version": "^0.2.6",
      "source": "npm",
      "peerDependencies": {
        "@stacksjs/logsmith": "^0.2.1",
        "@stacksjs/bunpress": "^0.1.0",
        "bun-plugin-dtsx": "0.9.9",
        "@stacksjs/bumpx": "^0.2.4",
        "ts-error-handling": "^0.1.0",
        "bun-git-hooks": "^0.3.1",
        "@stacksjs/gitlint": "^0.1.5",
        "pickier": "^0.1.9",
        "bunfig": "^0.15.6",
        "typescript": "^5.9.3",
        "buddy-bot": "^0.9.12",
        "@types/bun": "^1.3.2",
        "@stacksjs/clarity": "^0.3.24"
      },
      "bin": {
        "better-dx": "./dist/bin/cli.js",
        "dx": "./dist/bin/cli.js"
      }
    },
    "zig-cli@link:zig-cli": {
      "name": "zig-cli",
      "version": "link:zig-cli",
      "source": "npm"
    },
    "zig-config@link:zig-config": {
      "name": "zig-config",
      "version": "link:zig-config",
      "source": "npm"
    },
    "zig-bump@link:zig-bump": {
      "name": "zig-bump",
      "version": "link:zig-bump",
      "source": "npm"
    },
    "bun@1.3.9": {
      "name": "bun",
      "version": "1.3.9",
      "source": "npm",
      "bin": {
        "bunx": "bin/bunx.exe",
        "bun": "bin/bun.exe"
      }
    },
    "typescript@^5.7.0": {
      "name": "typescript",
      "version": "^5.7.0",
      "source": "npm",
      "bin": {
        "tsc": "./bin/tsc",
        "tsserver": "./bin/tsserver"
      }
    },
    "bun-types@latest": {
      "name": "bun-types",
      "version": "latest",
      "source": "npm",
      "dependencies": {
        "@types/node": "*"
      }
    },
    "@actions/core@^1.11.1": {
      "name": "@actions/core",
      "version": "^1.11.1",
      "source": "npm",
      "dependencies": {
        "@actions/http-client": "^2.0.1",
        "@actions/exec": "^1.1.1"
      }
    },
    "@actions/io@^1.1.3": {
      "name": "@actions/io",
      "version": "^1.1.3",
      "source": "npm"
    },
    "@cwcss/crosswind@^0.1.6": {
      "name": "@cwcss/crosswind",
      "version": "^0.1.6",
      "source": "npm",
      "dependencies": {
        "@stacksjs/clapp": "^0.2.0",
        "bunfig": "^0.15.0"
      },
      "bin": {
        "crosswind": "./dist/bin/cli.js"
      }
    },
    "@stacksjs/ts-cloud@^0.1.2": {
      "name": "@stacksjs/ts-cloud",
      "version": "^0.1.2",
      "source": "npm",
      "dependencies": {
        "fast-xml-parser": "^5.3.5",
        "@stacksjs/ts-cloud-types": "0.1.7",
        "@stacksjs/ts-cloud-core": "0.1.7",
        "@stacksjs/ts-cloud-aws-types": "0.1.7"
      },
      "bin": {
        "cloud": "./dist/bin/cli.js"
      }
    },
    "@stacksjs/stx@^0.2.6": {
      "name": "@stacksjs/stx",
      "version": "^0.2.6",
      "source": "npm",
      "dependencies": {
        "ts-syntax-highlighter": "^0.2.1",
        "@stacksjs/desktop": "0.2.6",
        "@stacksjs/sanitizer": "0.2.6",
        "@stacksjs/clapp": "^0.2.0",
        "bun-plugin-stx": "0.2.6",
        "bunfig": "^0.15.6"
      },
      "bin": {
        "stx": "./dist/cli.js"
      }
    },
    "@actions/exec@^1.1.1": {
      "name": "@actions/exec",
      "version": "^1.1.1",
      "source": "npm",
      "dependencies": {
        "@actions/io": "^1.0.1"
      }
    },
    "mitata@^1.0.34": {
      "name": "mitata",
      "version": "^1.0.34",
      "source": "npm"
    },
    "zig-test-framework@link:zig-test-framework": {
      "name": "zig-test-framework",
      "version": "link:zig-test-framework",
      "source": "npm"
    },
    "better-dx@^0.2.0": {
      "name": "better-dx",
      "version": "^0.2.0",
      "source": "npm",
      "peerDependencies": {
        "@stacksjs/logsmith": "^0.2.1",
        "@stacksjs/bunpress": "^0.1.0",
        "bun-plugin-dtsx": "0.9.9",
        "@stacksjs/bumpx": "^0.2.4",
        "ts-error-handling": "^0.1.0",
        "bun-git-hooks": "^0.3.1",
        "@stacksjs/gitlint": "^0.1.5",
        "pickier": "^0.1.9",
        "bunfig": "^0.15.6",
        "typescript": "^5.9.3",
        "buddy-bot": "^0.9.12",
        "@types/bun": "^1.3.2",
        "@stacksjs/clarity": "^0.3.24"
      },
      "bin": {
        "better-dx": "./dist/bin/cli.js",
        "dx": "./dist/bin/cli.js"
      }
    }
  }
}
